{
  "name": "@enkore-target/js-none",
  "version": "0.0.73",
  "lockfileVersion": 3,
  "requires": true,
  "packages": {
    "": {
      "name": "@enkore-target/js-none",
      "version": "0.0.73",
      "license": "MIT",
      "devDependencies": {
        "@anio-software/enkore.spec": "^0.273.0",
        "@anio-software/enkore.target-js-factory": "^0.0.61",
        "@asint/enkore": "^0.0.44",
        "@asint/enkore__core": "^0.8.5",
        "@asint/enkore-target__js-none": "^0.0.71"
      },
      "peerDependencies": {
        "@types/node": ">=22.7.x"
      }
    },
    "node_modules/@anio-software/enkore.spec": {
      "version": "0.273.0",
      "resolved": "https://npm-registry.anio.software/@anio-software/enkore.spec/-/enkore.spec-0.273.0.tgz",
      "integrity": "sha512-3X1UCJjjPd90rTGk08+DNGSoCDvB105ogVU3tfOZQP1FX3D+CBZ5YBEe16KCUwKjv7mXcTT2dTH9aQ6N9e7BlQ==",
      "dev": true,
      "license": "MIT",
      "engines": {
        "node": ">=23.6.x"
      }
    },
    "node_modules/@anio-software/enkore.target-js-factory": {
      "version": "0.0.61",
      "resolved": "https://npm-registry.anio.software/@anio-software/enkore.target-js-factory/-/enkore.target-js-factory-0.0.61.tgz",
      "integrity": "sha512-Xt6UXOtlUZ+pUS0RckQvypqhw/jm8cV65ijZ573F0YUCl1f+ds9yu8SchVHPepMqodF89pKoQnxVAB8X7Odvvg==",
      "dev": true,
      "license": "MIT"
    },
    "node_modules/@asint/enkore": {
      "version": "0.0.44",
      "resolved": "https://npm-registry.anio.software/@asint/enkore/-/enkore-0.0.44.tgz",
      "integrity": "sha512-C5mY6PRLIyb256wuAjhRszOUGVvavhiAePegVQAdVD/b+Xn9VUIw63PzDV8rWsEnNBOEKQ/gBduLIjDYd6yQmg==",
      "dev": true,
      "license": "MIT",
      "bin": {
        "enkore": "cli.mjs"
      }
    },
    "node_modules/@asint/enkore__core": {
      "version": "0.8.5",
      "resolved": "https://npm-registry.anio.software/@asint/enkore__core/-/enkore__core-0.8.5.tgz",
      "integrity": "sha512-/nmNCMk7diHHAZkmG/2w1PzZFmKTA75XUm0ChzSNkwSotgj10wkU+zdsQLsUqZLX05Td3qr1qsinWU2e5B9YIQ==",
      "dev": true,
      "license": "MIT"
    },
    "node_modules/@asint/enkore-target__js-none": {
      "version": "0.0.71",
      "resolved": "https://npm-registry.anio.software/@asint/enkore-target__js-none/-/enkore-target__js-none-0.0.71.tgz",
      "integrity": "sha512-WB3akuIDIVnlgx4+neoXyuqGk8bOqyfprwu6Cgf6TdBrkNEwCQCwt3fFvxSg3QR2h5FcdQqsOBmaWnPj8oFxHA==",
      "dev": true,
      "license": "MIT",
      "peerDependencies": {
        "@types/node": ">=22.7.x"
      }
    },
    "node_modules/@types/node": {
      "version": "22.15.18",
      "resolved": "https://registry.npmjs.org/@types/node/-/node-22.15.18.tgz",
      "integrity": "sha512-v1DKRfUdyW+jJhZNEI1PYy29S2YRxMV5AOO/x/SjKmW0acCIOqmbj6Haf9eHAhsPmrhlHSxEhv/1WszcLWV4cg==",
      "license": "MIT",
      "peer": true,
      "dependencies": {
        "undici-types": "~6.21.0"
      }
    },
    "node_modules/undici-types": {
      "version": "6.21.0",
      "resolved": "https://registry.npmjs.org/undici-types/-/undici-types-6.21.0.tgz",
      "integrity": "sha512-iwDZqg0QAGrg9Rav5H4n0M64c3mkR59cJ6wQp+7C4nI0gsmExaedaYLNO44eT4AtBBwjbTiGPMlt2Md0T9H9JQ==",
      "license": "MIT",
      "peer": true
    }
  }
}
