{
  "name": "@enkore-target/js-none",
  "version": "0.0.21",
  "lockfileVersion": 3,
  "requires": true,
  "packages": {
    "": {
      "name": "@enkore-target/js-none",
      "version": "0.0.21",
      "license": "MIT",
      "devDependencies": {
        "@enkore-target/js-none": "^0.0.19",
        "@enkore/core": "^0.6.6",
        "@enkore/spec": "^0.236.0",
        "@enkore/target-js-factory": "^0.0.18",
        "enkore": "^0.0.22"
      }
    },
    "node_modules/@enkore-target/js-none": {
      "version": "0.0.19",
      "resolved": "https://registry.npmjs.org/@enkore-target/js-none/-/js-none-0.0.19.tgz",
      "integrity": "sha512-vq/dczrKERw0soBeqxuP2j0dBDcby6R6kGKdc9Aw3XQRl7TK9knxM/witpmMoAjBY07JNX6G+8arWDQ/FGcqdw==",
      "dev": true,
      "license": "MIT"
    },
    "node_modules/@enkore/core": {
      "version": "0.6.6",
      "resolved": "https://registry.npmjs.org/@enkore/core/-/core-0.6.6.tgz",
      "integrity": "sha512-3Tnprm8JXF6vVsMpwRnGSzDkfXwdflQyLRTohsC7Xpt91kqh1sNSxfkdYmMLek+fOWfS0ykKn6rS4DAKUHSjcA==",
      "dev": true,
      "license": "MIT"
    },
    "node_modules/@enkore/spec": {
      "version": "0.236.0",
      "resolved": "https://registry.npmjs.org/@enkore/spec/-/spec-0.236.0.tgz",
      "integrity": "sha512-5buDdLjel/H89e5ytagBdYq2pVc6ARHsmKJsFKKoZTUpHAGtOkTAKYAG8EXterjFwLqN/qo0V/Pi7ByRQaZiYQ==",
      "dev": true,
      "license": "MIT"
    },
    "node_modules/@enkore/target-js-factory": {
      "version": "0.0.18",
      "resolved": "https://registry.npmjs.org/@enkore/target-js-factory/-/target-js-factory-0.0.18.tgz",
      "integrity": "sha512-+gMe8HBa6H1WahlPIKF0tzDVMr78I+LY97o4vMcT3vP2klSkhX5mp071SwvUsho/pB5E9QJTMcxv8XRoGwTLiQ==",
      "dev": true,
      "license": "MIT"
    },
    "node_modules/enkore": {
      "version": "0.0.22",
      "resolved": "https://registry.npmjs.org/enkore/-/enkore-0.0.22.tgz",
      "integrity": "sha512-2Bop/UnNl0B6PpocnqP21veJRgqg5adjmEV+brJe7O1yCTIWuR6wES+ZwfFtbV+C9IqQwVTbxiOmxtZbpPzKmg==",
      "dev": true,
      "license": "MIT",
      "bin": {
        "enkore": "cli.mjs"
      }
    }
  }
}
