{
  "name": "@enkore-target/js-none",
  "version": "0.0.10",
  "lockfileVersion": 3,
  "requires": true,
  "packages": {
    "": {
      "name": "@enkore-target/js-none",
      "version": "0.0.10",
      "license": "MIT",
      "devDependencies": {
        "@enkore-target/js-none": "^0.0.9",
        "@enkore/core": "^0.6.6",
        "@enkore/spec": "^0.221.1",
        "@enkore/target-js-factory": "^0.0.7",
        "enkore": "^0.0.20"
      }
    },
    "node_modules/@enkore-target/js-none": {
      "version": "0.0.9",
      "resolved": "https://registry.npmjs.org/@enkore-target/js-none/-/js-none-0.0.9.tgz",
      "integrity": "sha512-X6iCAwFlk53/WmCEdzlR5FvcrzjhyQMG8RmLZnUp/4xqwRRpcnxuWcvbSveUldZxzfpWh6RCId+79c1YYbRW7g==",
      "dev": true,
      "license": "MIT"
    },
    "node_modules/@enkore/core": {
      "version": "0.6.6",
      "resolved": "https://registry.npmjs.org/@enkore/core/-/core-0.6.6.tgz",
      "integrity": "sha512-3Tnprm8JXF6vVsMpwRnGSzDkfXwdflQyLRTohsC7Xpt91kqh1sNSxfkdYmMLek+fOWfS0ykKn6rS4DAKUHSjcA==",
      "dev": true,
      "license": "MIT"
    },
    "node_modules/@enkore/spec": {
      "version": "0.221.1",
      "resolved": "https://registry.npmjs.org/@enkore/spec/-/spec-0.221.1.tgz",
      "integrity": "sha512-50BU8b4bmX4t27VF6/pn7wzGCcMzYc2UzpY/7a0S1CQq32gRgnu6S/FUSNsvqDnMiLqVt9wt8agHX2goIKYdGA==",
      "dev": true,
      "license": "MIT"
    },
    "node_modules/@enkore/target-js-factory": {
      "version": "0.0.7",
      "resolved": "https://registry.npmjs.org/@enkore/target-js-factory/-/target-js-factory-0.0.7.tgz",
      "integrity": "sha512-IU0cv7HsdahvvU2MVBATQkiw3RoG+uXX902S+ucKO92pjfyshMud0AjVNd257L+ix4gU/5p/M9OsK/c64Ou6dQ==",
      "dev": true,
      "license": "MIT"
    },
    "node_modules/enkore": {
      "version": "0.0.20",
      "resolved": "https://registry.npmjs.org/enkore/-/enkore-0.0.20.tgz",
      "integrity": "sha512-+Nex56A8ntV6qVZkfJzJdfD+ytJiADgBa0CyShmR6Y4r7bzE/K+WI0GrG5wwqvquFrGkiz4ibRSvMmh4lJc6PA==",
      "dev": true,
      "license": "MIT",
      "bin": {
        "enkore": "cli.mjs"
      }
    }
  }
}
